
Microsoft Visual Studio Solution File, Format Version 12.00
# Visual Studio Version 16
VisualStudioVersion = 16.0.30804.86
MinimumVisualStudioVersion = 10.0.40219.1
Project("{9A19103F-16F7-4668-BE54-9A1E7A4F7556}") = "oefeningen voor Examen", "oefeningen voor Examen\oefeningen voor Examen.csproj", "{69440169-647C-409F-BFAB-8074CEC08561}"
EndProject
Project("{9A19103F-16F7-4668-BE54-9A1E7A4F7556}") = "RNA transcriptie", "RNA transcriptie\RNA transcriptie.csproj", "{5BD474DE-4C4E-4053-B95E-627A9A7F86CA}"
EndProject
Project("{9A19103F-16F7-4668-BE54-9A1E7A4F7556}") = "Tafels", "Tafels\Tafels.csproj", "{3CF5F642-0AB2-43A1-A397-F2131B410170}"
EndProject
Project("{9A19103F-16F7-4668-BE54-9A1E7A4F7556}") = "drills", "drills\drills.csproj", "{36CE6D1B-1CEA-44EE-B9B6-33E4FBDD1223}"
EndProject
Project("{9A19103F-16F7-4668-BE54-9A1E7A4F7556}") = "Cooldown", "Cooldown\Cooldown.csproj", "{A4E7F29A-B966-409B-9C7E-C045B26C3886}"
EndProject
Project("{FAE04EC0-301F-11D3-BF4B-00C04F79EFBC}") = "theorie test", "theorie test\theorie test.csproj", "{48042240-1370-4AC8-B190-0C4C786F1EC4}"
EndProject
Global
	GlobalSection(SolutionConfigurationPlatforms) = preSolution
		Debug|Any CPU = Debug|Any CPU
		Release|Any CPU = Release|Any CPU
	EndGlobalSection
	GlobalSection(ProjectConfigurationPlatforms) = postSolution
		{69440169-647C-409F-BFAB-8074CEC08561}.Debug|Any CPU.ActiveCfg = Debug|Any CPU
		{69440169-647C-409F-BFAB-8074CEC08561}.Debug|Any CPU.Build.0 = Debug|Any CPU
		{69440169-647C-409F-BFAB-8074CEC08561}.Release|Any CPU.ActiveCfg = Release|Any CPU
		{69440169-647C-409F-BFAB-8074CEC08561}.Release|Any CPU.Build.0 = Release|Any CPU
		{5BD474DE-4C4E-4053-B95E-627A9A7F86CA}.Debug|Any CPU.ActiveCfg = Debug|Any CPU
		{5BD474DE-4C4E-4053-B95E-627A9A7F86CA}.Debug|Any CPU.Build.0 = Debug|Any CPU
		{5BD474DE-4C4E-4053-B95E-627A9A7F86CA}.Release|Any CPU.ActiveCfg = Release|Any CPU
		{5BD474DE-4C4E-4053-B95E-627A9A7F86CA}.Release|Any CPU.Build.0 = Release|Any CPU
		{3CF5F642-0AB2-43A1-A397-F2131B410170}.Debug|Any CPU.ActiveCfg = Debug|Any CPU
		{3CF5F642-0AB2-43A1-A397-F2131B410170}.Debug|Any CPU.Build.0 = Debug|Any CPU
		{3CF5F642-0AB2-43A1-A397-F2131B410170}.Release|Any CPU.ActiveCfg = Release|Any CPU
		{3CF5F642-0AB2-43A1-A397-F2131B410170}.Release|Any CPU.Build.0 = Release|Any CPU
		{36CE6D1B-1CEA-44EE-B9B6-33E4FBDD1223}.Debug|Any CPU.ActiveCfg = Debug|Any CPU
		{36CE6D1B-1CEA-44EE-B9B6-33E4FBDD1223}.Debug|Any CPU.Build.0 = Debug|Any CPU
		{36CE6D1B-1CEA-44EE-B9B6-33E4FBDD1223}.Release|Any CPU.ActiveCfg = Release|Any CPU
		{36CE6D1B-1CEA-44EE-B9B6-33E4FBDD1223}.Release|Any CPU.Build.0 = Release|Any CPU
		{A4E7F29A-B966-409B-9C7E-C045B26C3886}.Debug|Any CPU.ActiveCfg = Debug|Any CPU
		{A4E7F29A-B966-409B-9C7E-C045B26C3886}.Debug|Any CPU.Build.0 = Debug|Any CPU
		{A4E7F29A-B966-409B-9C7E-C045B26C3886}.Release|Any CPU.ActiveCfg = Release|Any CPU
		{A4E7F29A-B966-409B-9C7E-C045B26C3886}.Release|Any CPU.Build.0 = Release|Any CPU
		{48042240-1370-4AC8-B190-0C4C786F1EC4}.Debug|Any CPU.ActiveCfg = Debug|Any CPU
		{48042240-1370-4AC8-B190-0C4C786F1EC4}.Debug|Any CPU.Build.0 = Debug|Any CPU
		{48042240-1370-4AC8-B190-0C4C786F1EC4}.Release|Any CPU.ActiveCfg = Release|Any CPU
		{48042240-1370-4AC8-B190-0C4C786F1EC4}.Release|Any CPU.Build.0 = Release|Any CPU
	EndGlobalSection
	GlobalSection(SolutionProperties) = preSolution
		HideSolutionNode = FALSE
	EndGlobalSection
	GlobalSection(ExtensibilityGlobals) = postSolution
		SolutionGuid = {85D276B2-2B75-436C-89BE-0E48EDFBB055}
	EndGlobalSection
EndGlobal
