
Microsoft Visual Studio Solution File, Format Version 12.00
# Visual Studio Version 16
VisualStudioVersion = 16.0.31005.135
MinimumVisualStudioVersion = 10.0.40219.1
Project("{FAE04EC0-301F-11D3-BF4B-00C04F79EFBC}") = "Meetlat", "Meetlat\Meetlat.csproj", "{C9ACEAA8-DA9D-461E-965D-28741B06BFAE}"
EndProject
Project("{FAE04EC0-301F-11D3-BF4B-00C04F79EFBC}") = "BankManager2", "BankManager2\BankManager2.csproj", "{B54C4524-FB4D-40CF-8989-F5C5CC3B4B47}"
EndProject
Project("{FAE04EC0-301F-11D3-BF4B-00C04F79EFBC}") = "Rekening", "Rekening\Rekening.csproj", "{C2442ABC-1AC1-4BCD-8CB4-C98BB35BD9A7}"
EndProject
Global
	GlobalSection(SolutionConfigurationPlatforms) = preSolution
		Debug|Any CPU = Debug|Any CPU
		Release|Any CPU = Release|Any CPU
	EndGlobalSection
	GlobalSection(ProjectConfigurationPlatforms) = postSolution
		{C9ACEAA8-DA9D-461E-965D-28741B06BFAE}.Debug|Any CPU.ActiveCfg = Debug|Any CPU
		{C9ACEAA8-DA9D-461E-965D-28741B06BFAE}.Debug|Any CPU.Build.0 = Debug|Any CPU
		{C9ACEAA8-DA9D-461E-965D-28741B06BFAE}.Release|Any CPU.ActiveCfg = Release|Any CPU
		{C9ACEAA8-DA9D-461E-965D-28741B06BFAE}.Release|Any CPU.Build.0 = Release|Any CPU
		{B54C4524-FB4D-40CF-8989-F5C5CC3B4B47}.Debug|Any CPU.ActiveCfg = Debug|Any CPU
		{B54C4524-FB4D-40CF-8989-F5C5CC3B4B47}.Debug|Any CPU.Build.0 = Debug|Any CPU
		{B54C4524-FB4D-40CF-8989-F5C5CC3B4B47}.Release|Any CPU.ActiveCfg = Release|Any CPU
		{B54C4524-FB4D-40CF-8989-F5C5CC3B4B47}.Release|Any CPU.Build.0 = Release|Any CPU
		{C2442ABC-1AC1-4BCD-8CB4-C98BB35BD9A7}.Debug|Any CPU.ActiveCfg = Debug|Any CPU
		{C2442ABC-1AC1-4BCD-8CB4-C98BB35BD9A7}.Debug|Any CPU.Build.0 = Debug|Any CPU
		{C2442ABC-1AC1-4BCD-8CB4-C98BB35BD9A7}.Release|Any CPU.ActiveCfg = Release|Any CPU
		{C2442ABC-1AC1-4BCD-8CB4-C98BB35BD9A7}.Release|Any CPU.Build.0 = Release|Any CPU
	EndGlobalSection
	GlobalSection(SolutionProperties) = preSolution
		HideSolutionNode = FALSE
	EndGlobalSection
	GlobalSection(ExtensibilityGlobals) = postSolution
		SolutionGuid = {C16DF019-BECD-47A5-BF23-AB59B93D3173}
	EndGlobalSection
EndGlobal
