
Microsoft Visual Studio Solution File, Format Version 12.00
# Visual Studio Version 16
VisualStudioVersion = 16.0.30804.86
MinimumVisualStudioVersion = 10.0.40219.1
Project("{9A19103F-16F7-4668-BE54-9A1E7A4F7556}") = "Armstrong", "Armstrong\Armstrong.csproj", "{FDC1377E-DD14-4957-829F-96F095693BE2}"
EndProject
Project("{2150E333-8FDC-42A3-9474-1A3956D46DE8}") = "1.WPF", "1.WPF", "{5C4EC202-5308-4459-AC73-C590969D6946}"
EndProject
Project("{9A19103F-16F7-4668-BE54-9A1E7A4F7556}") = "stack", "stack\stack.csproj", "{6E7CA327-7CA5-491E-8170-9C7E1A1294C0}"
EndProject
Project("{2150E333-8FDC-42A3-9474-1A3956D46DE8}") = "2.stack", "2.stack", "{7F36DA88-858D-408B-82D5-5B71C8054FE2}"
EndProject
Project("{9A19103F-16F7-4668-BE54-9A1E7A4F7556}") = "Stack Reverse", "Stack Reverse\Stack Reverse.csproj", "{E9995D48-950D-4064-9F46-82093A92E982}"
EndProject
Project("{2150E333-8FDC-42A3-9474-1A3956D46DE8}") = "3.Queue", "3.Queue", "{04A2B5CC-B40A-4111-A893-1B3B2F8F34CE}"
EndProject
Project("{9A19103F-16F7-4668-BE54-9A1E7A4F7556}") = "Linear queue", "Linear queue\Linear queue.csproj", "{B1EF04F7-263D-4956-861A-921BBEF3300B}"
EndProject
Project("{9A19103F-16F7-4668-BE54-9A1E7A4F7556}") = "Circular Queue", "Circular Queue\Circular Queue.csproj", "{4727E409-42C3-483F-B8BE-4D3ADA4F3110}"
EndProject
Project("{2150E333-8FDC-42A3-9474-1A3956D46DE8}") = "5. recursie", "5. recursie", "{AA8DBD95-84F7-4F1C-9D4A-5CAF374E2857}"
EndProject
Project("{9A19103F-16F7-4668-BE54-9A1E7A4F7556}") = "Coundown raket", "Coundown raket\Coundown raket.csproj", "{949DE139-99D4-4E3F-97C4-9463D47370C6}"
EndProject
Project("{9A19103F-16F7-4668-BE54-9A1E7A4F7556}") = "Teller", "Teller\Teller.csproj", "{FB5B99D8-DD9B-4E67-8B1A-B89C66B8634E}"
EndProject
Project("{9A19103F-16F7-4668-BE54-9A1E7A4F7556}") = "Faculteit bereken", "Faculteit bereken\Faculteit bereken.csproj", "{E5999B0C-1F0A-4EE8-B086-6352C5F12699}"
EndProject
Project("{9A19103F-16F7-4668-BE54-9A1E7A4F7556}") = "String Omkeren", "String Omkeren\String Omkeren.csproj", "{83E00A38-57F9-4B52-BC04-6A5C1D8384E1}"
EndProject
Project("{9A19103F-16F7-4668-BE54-9A1E7A4F7556}") = "Aantalcijfers", "Aantalcijfers\Aantalcijfers.csproj", "{E50D2139-A025-47A4-BBA2-0F29E0A24AF5}"
EndProject
Project("{2150E333-8FDC-42A3-9474-1A3956D46DE8}") = "6.sorteerAlgoritmes", "6.sorteerAlgoritmes", "{01E20890-E42B-48C6-A8B9-9E0E79FC8A95}"
EndProject
Project("{9A19103F-16F7-4668-BE54-9A1E7A4F7556}") = "SorteerAlgo", "SorteerAlgo\SorteerAlgo.csproj", "{3ED8F97C-C141-47B7-8A5B-BF5C7C89E0BC}"
EndProject
Project("{2150E333-8FDC-42A3-9474-1A3956D46DE8}") = "7.OODatastructuren", "7.OODatastructuren", "{9AA152ED-7D30-4A88-8516-A74654469CD8}"
EndProject
Project("{9A19103F-16F7-4668-BE54-9A1E7A4F7556}") = "OO Datastructuren", "OO Datastructuren\OO Datastructuren.csproj", "{48586BF3-4009-498C-A3EF-BA5DC40CC63B}"
EndProject
Project("{2150E333-8FDC-42A3-9474-1A3956D46DE8}") = "8.ZoekAlgoritme", "8.ZoekAlgoritme", "{AFCC1D75-C887-4F48-992B-3FDF97F5B8D7}"
EndProject
Project("{9A19103F-16F7-4668-BE54-9A1E7A4F7556}") = "ZoekAlgoritmes", "ZoekAlgoritmes\ZoekAlgoritmes.csproj", "{8A13CC21-C384-46CA-88A3-6873D7B02410}"
EndProject
Project("{2150E333-8FDC-42A3-9474-1A3956D46DE8}") = "9.Generics", "9.Generics", "{4EAB806E-0088-4077-9CC9-624B4567788E}"
EndProject
Project("{FAE04EC0-301F-11D3-BF4B-00C04F79EFBC}") = "FinalSesh_Generics", "FinalSesh_Generics\FinalSesh_Generics.csproj", "{04893D56-670B-4A74-83C3-A98E607EE80B}"
EndProject
Global
	GlobalSection(SolutionConfigurationPlatforms) = preSolution
		Debug|Any CPU = Debug|Any CPU
		Release|Any CPU = Release|Any CPU
	EndGlobalSection
	GlobalSection(ProjectConfigurationPlatforms) = postSolution
		{FDC1377E-DD14-4957-829F-96F095693BE2}.Debug|Any CPU.ActiveCfg = Debug|Any CPU
		{FDC1377E-DD14-4957-829F-96F095693BE2}.Debug|Any CPU.Build.0 = Debug|Any CPU
		{FDC1377E-DD14-4957-829F-96F095693BE2}.Release|Any CPU.ActiveCfg = Release|Any CPU
		{FDC1377E-DD14-4957-829F-96F095693BE2}.Release|Any CPU.Build.0 = Release|Any CPU
		{6E7CA327-7CA5-491E-8170-9C7E1A1294C0}.Debug|Any CPU.ActiveCfg = Debug|Any CPU
		{6E7CA327-7CA5-491E-8170-9C7E1A1294C0}.Debug|Any CPU.Build.0 = Debug|Any CPU
		{6E7CA327-7CA5-491E-8170-9C7E1A1294C0}.Release|Any CPU.ActiveCfg = Release|Any CPU
		{6E7CA327-7CA5-491E-8170-9C7E1A1294C0}.Release|Any CPU.Build.0 = Release|Any CPU
		{E9995D48-950D-4064-9F46-82093A92E982}.Debug|Any CPU.ActiveCfg = Debug|Any CPU
		{E9995D48-950D-4064-9F46-82093A92E982}.Debug|Any CPU.Build.0 = Debug|Any CPU
		{E9995D48-950D-4064-9F46-82093A92E982}.Release|Any CPU.ActiveCfg = Release|Any CPU
		{E9995D48-950D-4064-9F46-82093A92E982}.Release|Any CPU.Build.0 = Release|Any CPU
		{B1EF04F7-263D-4956-861A-921BBEF3300B}.Debug|Any CPU.ActiveCfg = Debug|Any CPU
		{B1EF04F7-263D-4956-861A-921BBEF3300B}.Debug|Any CPU.Build.0 = Debug|Any CPU
		{B1EF04F7-263D-4956-861A-921BBEF3300B}.Release|Any CPU.ActiveCfg = Release|Any CPU
		{B1EF04F7-263D-4956-861A-921BBEF3300B}.Release|Any CPU.Build.0 = Release|Any CPU
		{4727E409-42C3-483F-B8BE-4D3ADA4F3110}.Debug|Any CPU.ActiveCfg = Debug|Any CPU
		{4727E409-42C3-483F-B8BE-4D3ADA4F3110}.Debug|Any CPU.Build.0 = Debug|Any CPU
		{4727E409-42C3-483F-B8BE-4D3ADA4F3110}.Release|Any CPU.ActiveCfg = Release|Any CPU
		{4727E409-42C3-483F-B8BE-4D3ADA4F3110}.Release|Any CPU.Build.0 = Release|Any CPU
		{949DE139-99D4-4E3F-97C4-9463D47370C6}.Debug|Any CPU.ActiveCfg = Debug|Any CPU
		{949DE139-99D4-4E3F-97C4-9463D47370C6}.Debug|Any CPU.Build.0 = Debug|Any CPU
		{949DE139-99D4-4E3F-97C4-9463D47370C6}.Release|Any CPU.ActiveCfg = Release|Any CPU
		{949DE139-99D4-4E3F-97C4-9463D47370C6}.Release|Any CPU.Build.0 = Release|Any CPU
		{FB5B99D8-DD9B-4E67-8B1A-B89C66B8634E}.Debug|Any CPU.ActiveCfg = Debug|Any CPU
		{FB5B99D8-DD9B-4E67-8B1A-B89C66B8634E}.Debug|Any CPU.Build.0 = Debug|Any CPU
		{FB5B99D8-DD9B-4E67-8B1A-B89C66B8634E}.Release|Any CPU.ActiveCfg = Release|Any CPU
		{FB5B99D8-DD9B-4E67-8B1A-B89C66B8634E}.Release|Any CPU.Build.0 = Release|Any CPU
		{E5999B0C-1F0A-4EE8-B086-6352C5F12699}.Debug|Any CPU.ActiveCfg = Debug|Any CPU
		{E5999B0C-1F0A-4EE8-B086-6352C5F12699}.Debug|Any CPU.Build.0 = Debug|Any CPU
		{E5999B0C-1F0A-4EE8-B086-6352C5F12699}.Release|Any CPU.ActiveCfg = Release|Any CPU
		{E5999B0C-1F0A-4EE8-B086-6352C5F12699}.Release|Any CPU.Build.0 = Release|Any CPU
		{83E00A38-57F9-4B52-BC04-6A5C1D8384E1}.Debug|Any CPU.ActiveCfg = Debug|Any CPU
		{83E00A38-57F9-4B52-BC04-6A5C1D8384E1}.Debug|Any CPU.Build.0 = Debug|Any CPU
		{83E00A38-57F9-4B52-BC04-6A5C1D8384E1}.Release|Any CPU.ActiveCfg = Release|Any CPU
		{83E00A38-57F9-4B52-BC04-6A5C1D8384E1}.Release|Any CPU.Build.0 = Release|Any CPU
		{E50D2139-A025-47A4-BBA2-0F29E0A24AF5}.Debug|Any CPU.ActiveCfg = Debug|Any CPU
		{E50D2139-A025-47A4-BBA2-0F29E0A24AF5}.Debug|Any CPU.Build.0 = Debug|Any CPU
		{E50D2139-A025-47A4-BBA2-0F29E0A24AF5}.Release|Any CPU.ActiveCfg = Release|Any CPU
		{E50D2139-A025-47A4-BBA2-0F29E0A24AF5}.Release|Any CPU.Build.0 = Release|Any CPU
		{3ED8F97C-C141-47B7-8A5B-BF5C7C89E0BC}.Debug|Any CPU.ActiveCfg = Debug|Any CPU
		{3ED8F97C-C141-47B7-8A5B-BF5C7C89E0BC}.Debug|Any CPU.Build.0 = Debug|Any CPU
		{3ED8F97C-C141-47B7-8A5B-BF5C7C89E0BC}.Release|Any CPU.ActiveCfg = Release|Any CPU
		{3ED8F97C-C141-47B7-8A5B-BF5C7C89E0BC}.Release|Any CPU.Build.0 = Release|Any CPU
		{48586BF3-4009-498C-A3EF-BA5DC40CC63B}.Debug|Any CPU.ActiveCfg = Debug|Any CPU
		{48586BF3-4009-498C-A3EF-BA5DC40CC63B}.Debug|Any CPU.Build.0 = Debug|Any CPU
		{48586BF3-4009-498C-A3EF-BA5DC40CC63B}.Release|Any CPU.ActiveCfg = Release|Any CPU
		{48586BF3-4009-498C-A3EF-BA5DC40CC63B}.Release|Any CPU.Build.0 = Release|Any CPU
		{8A13CC21-C384-46CA-88A3-6873D7B02410}.Debug|Any CPU.ActiveCfg = Debug|Any CPU
		{8A13CC21-C384-46CA-88A3-6873D7B02410}.Debug|Any CPU.Build.0 = Debug|Any CPU
		{8A13CC21-C384-46CA-88A3-6873D7B02410}.Release|Any CPU.ActiveCfg = Release|Any CPU
		{8A13CC21-C384-46CA-88A3-6873D7B02410}.Release|Any CPU.Build.0 = Release|Any CPU
		{04893D56-670B-4A74-83C3-A98E607EE80B}.Debug|Any CPU.ActiveCfg = Debug|Any CPU
		{04893D56-670B-4A74-83C3-A98E607EE80B}.Debug|Any CPU.Build.0 = Debug|Any CPU
		{04893D56-670B-4A74-83C3-A98E607EE80B}.Release|Any CPU.ActiveCfg = Release|Any CPU
		{04893D56-670B-4A74-83C3-A98E607EE80B}.Release|Any CPU.Build.0 = Release|Any CPU
	EndGlobalSection
	GlobalSection(SolutionProperties) = preSolution
		HideSolutionNode = FALSE
	EndGlobalSection
	GlobalSection(NestedProjects) = preSolution
		{FDC1377E-DD14-4957-829F-96F095693BE2} = {5C4EC202-5308-4459-AC73-C590969D6946}
		{6E7CA327-7CA5-491E-8170-9C7E1A1294C0} = {7F36DA88-858D-408B-82D5-5B71C8054FE2}
		{E9995D48-950D-4064-9F46-82093A92E982} = {7F36DA88-858D-408B-82D5-5B71C8054FE2}
		{B1EF04F7-263D-4956-861A-921BBEF3300B} = {04A2B5CC-B40A-4111-A893-1B3B2F8F34CE}
		{4727E409-42C3-483F-B8BE-4D3ADA4F3110} = {04A2B5CC-B40A-4111-A893-1B3B2F8F34CE}
		{949DE139-99D4-4E3F-97C4-9463D47370C6} = {AA8DBD95-84F7-4F1C-9D4A-5CAF374E2857}
		{FB5B99D8-DD9B-4E67-8B1A-B89C66B8634E} = {AA8DBD95-84F7-4F1C-9D4A-5CAF374E2857}
		{E5999B0C-1F0A-4EE8-B086-6352C5F12699} = {AA8DBD95-84F7-4F1C-9D4A-5CAF374E2857}
		{83E00A38-57F9-4B52-BC04-6A5C1D8384E1} = {AA8DBD95-84F7-4F1C-9D4A-5CAF374E2857}
		{E50D2139-A025-47A4-BBA2-0F29E0A24AF5} = {AA8DBD95-84F7-4F1C-9D4A-5CAF374E2857}
		{3ED8F97C-C141-47B7-8A5B-BF5C7C89E0BC} = {01E20890-E42B-48C6-A8B9-9E0E79FC8A95}
		{48586BF3-4009-498C-A3EF-BA5DC40CC63B} = {9AA152ED-7D30-4A88-8516-A74654469CD8}
		{8A13CC21-C384-46CA-88A3-6873D7B02410} = {AFCC1D75-C887-4F48-992B-3FDF97F5B8D7}
		{04893D56-670B-4A74-83C3-A98E607EE80B} = {4EAB806E-0088-4077-9CC9-624B4567788E}
	EndGlobalSection
	GlobalSection(ExtensibilityGlobals) = postSolution
		SolutionGuid = {E9108A50-BCC6-47C3-9BCC-6BF0150EC2B1}
	EndGlobalSection
EndGlobal
