
Microsoft Visual Studio Solution File, Format Version 12.00
# Visual Studio Version 16
VisualStudioVersion = 16.0.31005.135
MinimumVisualStudioVersion = 10.0.40219.1
Project("{FAE04EC0-301F-11D3-BF4B-00C04F79EFBC}") = "OOPQuest", "OOPQuest\OOPQuest.csproj", "{7E52F4A4-0E5B-4CFE-9BDA-DE2FEE69E8CC}"
EndProject
Global
	GlobalSection(SolutionConfigurationPlatforms) = preSolution
		Debug|Any CPU = Debug|Any CPU
		Release|Any CPU = Release|Any CPU
	EndGlobalSection
	GlobalSection(ProjectConfigurationPlatforms) = postSolution
		{7E52F4A4-0E5B-4CFE-9BDA-DE2FEE69E8CC}.Debug|Any CPU.ActiveCfg = Debug|Any CPU
		{7E52F4A4-0E5B-4CFE-9BDA-DE2FEE69E8CC}.Debug|Any CPU.Build.0 = Debug|Any CPU
		{7E52F4A4-0E5B-4CFE-9BDA-DE2FEE69E8CC}.Release|Any CPU.ActiveCfg = Release|Any CPU
		{7E52F4A4-0E5B-4CFE-9BDA-DE2FEE69E8CC}.Release|Any CPU.Build.0 = Release|Any CPU
	EndGlobalSection
	GlobalSection(SolutionProperties) = preSolution
		HideSolutionNode = FALSE
	EndGlobalSection
	GlobalSection(ExtensibilityGlobals) = postSolution
		SolutionGuid = {9713464B-7FBE-49F7-AA49-531D025197AC}
	EndGlobalSection
EndGlobal
