
Microsoft Visual Studio Solution File, Format Version 12.00
# Visual Studio Version 16
VisualStudioVersion = 16.0.30804.86
MinimumVisualStudioVersion = 10.0.40219.1
Project("{9A19103F-16F7-4668-BE54-9A1E7A4F7556}") = "VirusSimulator", "VirusSimulator\VirusSimulator.csproj", "{DCA41DA8-9A84-4FD5-B44D-EB1A0972DB9C}"
EndProject
Project("{FAE04EC0-301F-11D3-BF4B-00C04F79EFBC}") = "Voorplantiong", "Voorplantiong\Voorplantiong.csproj", "{658B3253-7FA8-49D4-A956-430CFF595173}"
EndProject
Global
	GlobalSection(SolutionConfigurationPlatforms) = preSolution
		Debug|Any CPU = Debug|Any CPU
		Release|Any CPU = Release|Any CPU
	EndGlobalSection
	GlobalSection(ProjectConfigurationPlatforms) = postSolution
		{DCA41DA8-9A84-4FD5-B44D-EB1A0972DB9C}.Debug|Any CPU.ActiveCfg = Debug|Any CPU
		{DCA41DA8-9A84-4FD5-B44D-EB1A0972DB9C}.Debug|Any CPU.Build.0 = Debug|Any CPU
		{DCA41DA8-9A84-4FD5-B44D-EB1A0972DB9C}.Release|Any CPU.ActiveCfg = Release|Any CPU
		{DCA41DA8-9A84-4FD5-B44D-EB1A0972DB9C}.Release|Any CPU.Build.0 = Release|Any CPU
		{658B3253-7FA8-49D4-A956-430CFF595173}.Debug|Any CPU.ActiveCfg = Debug|Any CPU
		{658B3253-7FA8-49D4-A956-430CFF595173}.Debug|Any CPU.Build.0 = Debug|Any CPU
		{658B3253-7FA8-49D4-A956-430CFF595173}.Release|Any CPU.ActiveCfg = Release|Any CPU
		{658B3253-7FA8-49D4-A956-430CFF595173}.Release|Any CPU.Build.0 = Release|Any CPU
	EndGlobalSection
	GlobalSection(SolutionProperties) = preSolution
		HideSolutionNode = FALSE
	EndGlobalSection
	GlobalSection(ExtensibilityGlobals) = postSolution
		SolutionGuid = {23D30C11-D49E-4760-8E74-69AD4C35097F}
	EndGlobalSection
EndGlobal
