
Microsoft Visual Studio Solution File, Format Version 12.00
# Visual Studio Version 16
VisualStudioVersion = 16.0.31205.134
MinimumVisualStudioVersion = 10.0.40219.1
Project("{00D1A9C2-B5F0-4AF3-8072-F6C62B433612}") = "Oefening1", "Oefening1\Oefening1.sqlproj", "{2602912E-4716-496C-B5A0-357F22B72D80}"
EndProject
Project("{00D1A9C2-B5F0-4AF3-8072-F6C62B433612}") = "Oefening2", "Oefening2\Oefening2.sqlproj", "{C405603E-6B65-4991-8EE8-782DB9C5958F}"
EndProject
Project("{00D1A9C2-B5F0-4AF3-8072-F6C62B433612}") = "Oefening3", "Oefening3\Oefening3.sqlproj", "{6EAECBDE-2343-49FD-9D18-C1554FE4A19F}"
EndProject
Project("{00D1A9C2-B5F0-4AF3-8072-F6C62B433612}") = "Oefening4", "Oefening4\Oefening4.sqlproj", "{1D1D82A4-1467-4861-AB4B-7E7B08EE2094}"
EndProject
Project("{00D1A9C2-B5F0-4AF3-8072-F6C62B433612}") = "Oefening5", "Oefening5\Oefening5.sqlproj", "{5F1031AB-8BFC-485C-B0A3-40AFD0992AFA}"
EndProject
Global
	GlobalSection(SolutionConfigurationPlatforms) = preSolution
		Debug|Any CPU = Debug|Any CPU
		Release|Any CPU = Release|Any CPU
	EndGlobalSection
	GlobalSection(ProjectConfigurationPlatforms) = postSolution
		{2602912E-4716-496C-B5A0-357F22B72D80}.Debug|Any CPU.ActiveCfg = Debug|Any CPU
		{2602912E-4716-496C-B5A0-357F22B72D80}.Debug|Any CPU.Build.0 = Debug|Any CPU
		{2602912E-4716-496C-B5A0-357F22B72D80}.Debug|Any CPU.Deploy.0 = Debug|Any CPU
		{2602912E-4716-496C-B5A0-357F22B72D80}.Release|Any CPU.ActiveCfg = Release|Any CPU
		{2602912E-4716-496C-B5A0-357F22B72D80}.Release|Any CPU.Build.0 = Release|Any CPU
		{2602912E-4716-496C-B5A0-357F22B72D80}.Release|Any CPU.Deploy.0 = Release|Any CPU
		{C405603E-6B65-4991-8EE8-782DB9C5958F}.Debug|Any CPU.ActiveCfg = Debug|Any CPU
		{C405603E-6B65-4991-8EE8-782DB9C5958F}.Debug|Any CPU.Build.0 = Debug|Any CPU
		{C405603E-6B65-4991-8EE8-782DB9C5958F}.Debug|Any CPU.Deploy.0 = Debug|Any CPU
		{C405603E-6B65-4991-8EE8-782DB9C5958F}.Release|Any CPU.ActiveCfg = Release|Any CPU
		{C405603E-6B65-4991-8EE8-782DB9C5958F}.Release|Any CPU.Build.0 = Release|Any CPU
		{C405603E-6B65-4991-8EE8-782DB9C5958F}.Release|Any CPU.Deploy.0 = Release|Any CPU
		{6EAECBDE-2343-49FD-9D18-C1554FE4A19F}.Debug|Any CPU.ActiveCfg = Debug|Any CPU
		{6EAECBDE-2343-49FD-9D18-C1554FE4A19F}.Debug|Any CPU.Build.0 = Debug|Any CPU
		{6EAECBDE-2343-49FD-9D18-C1554FE4A19F}.Debug|Any CPU.Deploy.0 = Debug|Any CPU
		{6EAECBDE-2343-49FD-9D18-C1554FE4A19F}.Release|Any CPU.ActiveCfg = Release|Any CPU
		{6EAECBDE-2343-49FD-9D18-C1554FE4A19F}.Release|Any CPU.Build.0 = Release|Any CPU
		{6EAECBDE-2343-49FD-9D18-C1554FE4A19F}.Release|Any CPU.Deploy.0 = Release|Any CPU
		{1D1D82A4-1467-4861-AB4B-7E7B08EE2094}.Debug|Any CPU.ActiveCfg = Debug|Any CPU
		{1D1D82A4-1467-4861-AB4B-7E7B08EE2094}.Debug|Any CPU.Build.0 = Debug|Any CPU
		{1D1D82A4-1467-4861-AB4B-7E7B08EE2094}.Debug|Any CPU.Deploy.0 = Debug|Any CPU
		{1D1D82A4-1467-4861-AB4B-7E7B08EE2094}.Release|Any CPU.ActiveCfg = Release|Any CPU
		{1D1D82A4-1467-4861-AB4B-7E7B08EE2094}.Release|Any CPU.Build.0 = Release|Any CPU
		{1D1D82A4-1467-4861-AB4B-7E7B08EE2094}.Release|Any CPU.Deploy.0 = Release|Any CPU
		{5F1031AB-8BFC-485C-B0A3-40AFD0992AFA}.Debug|Any CPU.ActiveCfg = Debug|Any CPU
		{5F1031AB-8BFC-485C-B0A3-40AFD0992AFA}.Debug|Any CPU.Build.0 = Debug|Any CPU
		{5F1031AB-8BFC-485C-B0A3-40AFD0992AFA}.Debug|Any CPU.Deploy.0 = Debug|Any CPU
		{5F1031AB-8BFC-485C-B0A3-40AFD0992AFA}.Release|Any CPU.ActiveCfg = Release|Any CPU
		{5F1031AB-8BFC-485C-B0A3-40AFD0992AFA}.Release|Any CPU.Build.0 = Release|Any CPU
		{5F1031AB-8BFC-485C-B0A3-40AFD0992AFA}.Release|Any CPU.Deploy.0 = Release|Any CPU
	EndGlobalSection
	GlobalSection(SolutionProperties) = preSolution
		HideSolutionNode = FALSE
	EndGlobalSection
	GlobalSection(ExtensibilityGlobals) = postSolution
		SolutionGuid = {D60AA72B-5A2B-41E4-A811-722050CF8AB2}
	EndGlobalSection
EndGlobal
