
Microsoft Visual Studio Solution File, Format Version 12.00
# Visual Studio Version 16
VisualStudioVersion = 16.0.30804.86
MinimumVisualStudioVersion = 10.0.40219.1
Project("{9A19103F-16F7-4668-BE54-9A1E7A4F7556}") = "Verjaardag", "Verjaardag\Verjaardag.csproj", "{04F694D5-903C-4B0E-AE67-B9BF01599F52}"
EndProject
Project("{FAE04EC0-301F-11D3-BF4B-00C04F79EFBC}") = "RapportModule", "RapportModule\RapportModule.csproj", "{DA1D7B96-834C-41F5-B346-97834047FD05}"
EndProject
Project("{FAE04EC0-301F-11D3-BF4B-00C04F79EFBC}") = "Nummers", "Nummers\Nummers.csproj", "{E4D97C28-508B-4C23-B38C-148BD5638DAA}"
EndProject
Project("{FAE04EC0-301F-11D3-BF4B-00C04F79EFBC}") = "StudentKlasse", "StudentKlasse\StudentKlasse.csproj", "{74EB445D-6AF7-4809-AC1D-54A5AD31C0D1}"
EndProject
Global
	GlobalSection(SolutionConfigurationPlatforms) = preSolution
		Debug|Any CPU = Debug|Any CPU
		Release|Any CPU = Release|Any CPU
	EndGlobalSection
	GlobalSection(ProjectConfigurationPlatforms) = postSolution
		{04F694D5-903C-4B0E-AE67-B9BF01599F52}.Debug|Any CPU.ActiveCfg = Debug|Any CPU
		{04F694D5-903C-4B0E-AE67-B9BF01599F52}.Debug|Any CPU.Build.0 = Debug|Any CPU
		{04F694D5-903C-4B0E-AE67-B9BF01599F52}.Release|Any CPU.ActiveCfg = Release|Any CPU
		{04F694D5-903C-4B0E-AE67-B9BF01599F52}.Release|Any CPU.Build.0 = Release|Any CPU
		{DA1D7B96-834C-41F5-B346-97834047FD05}.Debug|Any CPU.ActiveCfg = Debug|Any CPU
		{DA1D7B96-834C-41F5-B346-97834047FD05}.Debug|Any CPU.Build.0 = Debug|Any CPU
		{DA1D7B96-834C-41F5-B346-97834047FD05}.Release|Any CPU.ActiveCfg = Release|Any CPU
		{DA1D7B96-834C-41F5-B346-97834047FD05}.Release|Any CPU.Build.0 = Release|Any CPU
		{E4D97C28-508B-4C23-B38C-148BD5638DAA}.Debug|Any CPU.ActiveCfg = Debug|Any CPU
		{E4D97C28-508B-4C23-B38C-148BD5638DAA}.Debug|Any CPU.Build.0 = Debug|Any CPU
		{E4D97C28-508B-4C23-B38C-148BD5638DAA}.Release|Any CPU.ActiveCfg = Release|Any CPU
		{E4D97C28-508B-4C23-B38C-148BD5638DAA}.Release|Any CPU.Build.0 = Release|Any CPU
		{74EB445D-6AF7-4809-AC1D-54A5AD31C0D1}.Debug|Any CPU.ActiveCfg = Debug|Any CPU
		{74EB445D-6AF7-4809-AC1D-54A5AD31C0D1}.Debug|Any CPU.Build.0 = Debug|Any CPU
		{74EB445D-6AF7-4809-AC1D-54A5AD31C0D1}.Release|Any CPU.ActiveCfg = Release|Any CPU
		{74EB445D-6AF7-4809-AC1D-54A5AD31C0D1}.Release|Any CPU.Build.0 = Release|Any CPU
	EndGlobalSection
	GlobalSection(SolutionProperties) = preSolution
		HideSolutionNode = FALSE
	EndGlobalSection
	GlobalSection(ExtensibilityGlobals) = postSolution
		SolutionGuid = {F5FB0EC8-5157-4073-B8C4-13F0804D933E}
	EndGlobalSection
EndGlobal
