
Microsoft Visual Studio Solution File, Format Version 12.00
# Visual Studio Version 16
VisualStudioVersion = 16.0.31410.357
MinimumVisualStudioVersion = 10.0.40219.1
Project("{FAE04EC0-301F-11D3-BF4B-00C04F79EFBC}") = "Baeten_Jens_OOP2", "Baeten_Jens_OOP2\Baeten_Jens_OOP2.csproj", "{FD6C722B-7BCA-48D5-ABD7-7676B6332B1F}"
EndProject
Global
	GlobalSection(SolutionConfigurationPlatforms) = preSolution
		Debug|Any CPU = Debug|Any CPU
		Release|Any CPU = Release|Any CPU
	EndGlobalSection
	GlobalSection(ProjectConfigurationPlatforms) = postSolution
		{FD6C722B-7BCA-48D5-ABD7-7676B6332B1F}.Debug|Any CPU.ActiveCfg = Debug|Any CPU
		{FD6C722B-7BCA-48D5-ABD7-7676B6332B1F}.Debug|Any CPU.Build.0 = Debug|Any CPU
		{FD6C722B-7BCA-48D5-ABD7-7676B6332B1F}.Release|Any CPU.ActiveCfg = Release|Any CPU
		{FD6C722B-7BCA-48D5-ABD7-7676B6332B1F}.Release|Any CPU.Build.0 = Release|Any CPU
	EndGlobalSection
	GlobalSection(SolutionProperties) = preSolution
		HideSolutionNode = FALSE
	EndGlobalSection
	GlobalSection(ExtensibilityGlobals) = postSolution
		SolutionGuid = {8D0844C1-A2AD-4352-B682-F0B01EC2B511}
	EndGlobalSection
EndGlobal
