
Microsoft Visual Studio Solution File, Format Version 12.00
# Visual Studio Version 16
VisualStudioVersion = 16.0.31005.135
MinimumVisualStudioVersion = 10.0.40219.1
Project("{FAE04EC0-301F-11D3-BF4B-00C04F79EFBC}") = "Baeten_jens_OOP1", "Baeten_jens_OOP1\Baeten_jens_OOP1.csproj", "{A7CDB22E-542B-4BAC-A57E-0F7CBA33B75C}"
EndProject
Global
	GlobalSection(SolutionConfigurationPlatforms) = preSolution
		Debug|Any CPU = Debug|Any CPU
		Release|Any CPU = Release|Any CPU
	EndGlobalSection
	GlobalSection(ProjectConfigurationPlatforms) = postSolution
		{A7CDB22E-542B-4BAC-A57E-0F7CBA33B75C}.Debug|Any CPU.ActiveCfg = Debug|Any CPU
		{A7CDB22E-542B-4BAC-A57E-0F7CBA33B75C}.Debug|Any CPU.Build.0 = Debug|Any CPU
		{A7CDB22E-542B-4BAC-A57E-0F7CBA33B75C}.Release|Any CPU.ActiveCfg = Release|Any CPU
		{A7CDB22E-542B-4BAC-A57E-0F7CBA33B75C}.Release|Any CPU.Build.0 = Release|Any CPU
	EndGlobalSection
	GlobalSection(SolutionProperties) = preSolution
		HideSolutionNode = FALSE
	EndGlobalSection
	GlobalSection(ExtensibilityGlobals) = postSolution
		SolutionGuid = {CCA7CC07-1DDD-466E-804A-E8890A5C91EB}
	EndGlobalSection
EndGlobal
